
Microsoft Visual Studio Solution File, Format Version 10.00
# Visual Studio 2008
Project("{FAE04EC0-301F-11D3-BF4B-00C04F79EFBC}") = "PowerChallenge8", "PowerChallenge8.csproj", "{23E15CF5-28A9-4B82-BA7E-A1AA154FC056}"
EndProject
Project("{8BC9CEB8-8B4A-11D0-8D11-00A0C91BC942}") = "WWANpower", "WWANpower\WWANpower.vcproj", "{A1A3100F-F6C8-4092-8378-EC90A377E290}"
EndProject
Project("{FAE04EC0-301F-11D3-BF4B-00C04F79EFBC}") = "SharpSerializer.Library.Compact", "SharpSerializer.Library.Compact\SharpSerializer.Library.Compact.csproj", "{119631D5-DC25-49DE-B50E-6A48C24A5AB0}"
EndProject
Global
	GlobalSection(SubversionScc) = preSolution
		Svn-Managed = True
		Manager = AnkhSVN - Subversion Support for Visual Studio
	EndGlobalSection
	GlobalSection(SolutionConfigurationPlatforms) = preSolution
		Debug|Any CPU = Debug|Any CPU
		Debug|Mixed Platforms = Debug|Mixed Platforms
		Debug|Windows Mobile 6.5.3 Professional DTK (ARMV4I) = Debug|Windows Mobile 6.5.3 Professional DTK (ARMV4I)
		Release|Any CPU = Release|Any CPU
		Release|Mixed Platforms = Release|Mixed Platforms
		Release|Windows Mobile 6.5.3 Professional DTK (ARMV4I) = Release|Windows Mobile 6.5.3 Professional DTK (ARMV4I)
	EndGlobalSection
	GlobalSection(ProjectConfigurationPlatforms) = postSolution
		{23E15CF5-28A9-4B82-BA7E-A1AA154FC056}.Debug|Any CPU.ActiveCfg = Debug|Any CPU
		{23E15CF5-28A9-4B82-BA7E-A1AA154FC056}.Debug|Any CPU.Build.0 = Debug|Any CPU
		{23E15CF5-28A9-4B82-BA7E-A1AA154FC056}.Debug|Any CPU.Deploy.0 = Debug|Any CPU
		{23E15CF5-28A9-4B82-BA7E-A1AA154FC056}.Debug|Mixed Platforms.ActiveCfg = Debug|Any CPU
		{23E15CF5-28A9-4B82-BA7E-A1AA154FC056}.Debug|Mixed Platforms.Build.0 = Debug|Any CPU
		{23E15CF5-28A9-4B82-BA7E-A1AA154FC056}.Debug|Mixed Platforms.Deploy.0 = Debug|Any CPU
		{23E15CF5-28A9-4B82-BA7E-A1AA154FC056}.Debug|Windows Mobile 6.5.3 Professional DTK (ARMV4I).ActiveCfg = Debug|Any CPU
		{23E15CF5-28A9-4B82-BA7E-A1AA154FC056}.Debug|Windows Mobile 6.5.3 Professional DTK (ARMV4I).Build.0 = Debug|Any CPU
		{23E15CF5-28A9-4B82-BA7E-A1AA154FC056}.Debug|Windows Mobile 6.5.3 Professional DTK (ARMV4I).Deploy.0 = Debug|Any CPU
		{23E15CF5-28A9-4B82-BA7E-A1AA154FC056}.Release|Any CPU.ActiveCfg = Release|Any CPU
		{23E15CF5-28A9-4B82-BA7E-A1AA154FC056}.Release|Any CPU.Build.0 = Release|Any CPU
		{23E15CF5-28A9-4B82-BA7E-A1AA154FC056}.Release|Any CPU.Deploy.0 = Release|Any CPU
		{23E15CF5-28A9-4B82-BA7E-A1AA154FC056}.Release|Mixed Platforms.ActiveCfg = Release|Any CPU
		{23E15CF5-28A9-4B82-BA7E-A1AA154FC056}.Release|Mixed Platforms.Build.0 = Release|Any CPU
		{23E15CF5-28A9-4B82-BA7E-A1AA154FC056}.Release|Mixed Platforms.Deploy.0 = Release|Any CPU
		{23E15CF5-28A9-4B82-BA7E-A1AA154FC056}.Release|Windows Mobile 6.5.3 Professional DTK (ARMV4I).ActiveCfg = Release|Any CPU
		{23E15CF5-28A9-4B82-BA7E-A1AA154FC056}.Release|Windows Mobile 6.5.3 Professional DTK (ARMV4I).Build.0 = Release|Any CPU
		{23E15CF5-28A9-4B82-BA7E-A1AA154FC056}.Release|Windows Mobile 6.5.3 Professional DTK (ARMV4I).Deploy.0 = Release|Any CPU
		{A1A3100F-F6C8-4092-8378-EC90A377E290}.Debug|Any CPU.ActiveCfg = Debug|Windows Mobile 6.5.3 Professional DTK (ARMV4I)
		{A1A3100F-F6C8-4092-8378-EC90A377E290}.Debug|Mixed Platforms.ActiveCfg = Debug|Windows Mobile 6.5.3 Professional DTK (ARMV4I)
		{A1A3100F-F6C8-4092-8378-EC90A377E290}.Debug|Mixed Platforms.Build.0 = Debug|Windows Mobile 6.5.3 Professional DTK (ARMV4I)
		{A1A3100F-F6C8-4092-8378-EC90A377E290}.Debug|Mixed Platforms.Deploy.0 = Debug|Windows Mobile 6.5.3 Professional DTK (ARMV4I)
		{A1A3100F-F6C8-4092-8378-EC90A377E290}.Debug|Windows Mobile 6.5.3 Professional DTK (ARMV4I).ActiveCfg = Debug|Windows Mobile 6.5.3 Professional DTK (ARMV4I)
		{A1A3100F-F6C8-4092-8378-EC90A377E290}.Release|Any CPU.ActiveCfg = Release|Windows Mobile 6.5.3 Professional DTK (ARMV4I)
		{A1A3100F-F6C8-4092-8378-EC90A377E290}.Release|Mixed Platforms.ActiveCfg = Release|Windows Mobile 6.5.3 Professional DTK (ARMV4I)
		{A1A3100F-F6C8-4092-8378-EC90A377E290}.Release|Mixed Platforms.Build.0 = Release|Windows Mobile 6.5.3 Professional DTK (ARMV4I)
		{A1A3100F-F6C8-4092-8378-EC90A377E290}.Release|Mixed Platforms.Deploy.0 = Release|Windows Mobile 6.5.3 Professional DTK (ARMV4I)
		{A1A3100F-F6C8-4092-8378-EC90A377E290}.Release|Windows Mobile 6.5.3 Professional DTK (ARMV4I).ActiveCfg = Release|Windows Mobile 6.5.3 Professional DTK (ARMV4I)
		{119631D5-DC25-49DE-B50E-6A48C24A5AB0}.Debug|Any CPU.ActiveCfg = Debug|Any CPU
		{119631D5-DC25-49DE-B50E-6A48C24A5AB0}.Debug|Any CPU.Build.0 = Debug|Any CPU
		{119631D5-DC25-49DE-B50E-6A48C24A5AB0}.Debug|Mixed Platforms.ActiveCfg = Debug|Any CPU
		{119631D5-DC25-49DE-B50E-6A48C24A5AB0}.Debug|Mixed Platforms.Build.0 = Debug|Any CPU
		{119631D5-DC25-49DE-B50E-6A48C24A5AB0}.Debug|Windows Mobile 6.5.3 Professional DTK (ARMV4I).ActiveCfg = Debug|Any CPU
		{119631D5-DC25-49DE-B50E-6A48C24A5AB0}.Release|Any CPU.ActiveCfg = Release|Any CPU
		{119631D5-DC25-49DE-B50E-6A48C24A5AB0}.Release|Any CPU.Build.0 = Release|Any CPU
		{119631D5-DC25-49DE-B50E-6A48C24A5AB0}.Release|Mixed Platforms.ActiveCfg = Release|Any CPU
		{119631D5-DC25-49DE-B50E-6A48C24A5AB0}.Release|Mixed Platforms.Build.0 = Release|Any CPU
		{119631D5-DC25-49DE-B50E-6A48C24A5AB0}.Release|Windows Mobile 6.5.3 Professional DTK (ARMV4I).ActiveCfg = Release|Any CPU
	EndGlobalSection
	GlobalSection(SolutionProperties) = preSolution
		HideSolutionNode = FALSE
	EndGlobalSection
EndGlobal
